
Microsoft Visual Studio Solution File, Format Version 12.00
# Visual Studio 2013
VisualStudioVersion = 12.0.21005.1
MinimumVisualStudioVersion = 10.0.40219.1
Project("{FAE04EC0-301F-11D3-BF4B-00C04F79EFBC}") = "ExpressionGraph", "ExpressionGraph\ExpressionGraph.csproj", "{8DE63A2D-7367-473D-8CF2-0EFA652E5FBD}"
EndProject
Project("{FAE04EC0-301F-11D3-BF4B-00C04F79EFBC}") = "ExpressionGraph.Tests", "ExpressionGraph.Tests\ExpressionGraph.Tests.csproj", "{69564B40-81CE-4466-8A42-3D81A3DC689E}"
EndProject
Project("{FAE04EC0-301F-11D3-BF4B-00C04F79EFBC}") = "ExpressionGraph.Serialization", "ExpressionGraph.Serialization\ExpressionGraph.Serialization.csproj", "{DC183878-B594-4BAB-B79D-BC775CA9579F}"
EndProject
Project("{FAE04EC0-301F-11D3-BF4B-00C04F79EFBC}") = "Newtonsoft.Json", "..\..\..\Newtonsoft.Json\Src\Newtonsoft.Json\Newtonsoft.Json.csproj", "{EEEA67F9-9089-481D-A4DC-0966DEC9FD7D}"
EndProject
Project("{FAE04EC0-301F-11D3-BF4B-00C04F79EFBC}") = "ExpressionGraph.Tests.Console", "ExpressionGraph.Tests.Console\ExpressionGraph.Tests.Console.csproj", "{EC1336D5-4810-4A5C-A1FA-FAC7E8652003}"
EndProject
Global
	GlobalSection(SolutionConfigurationPlatforms) = preSolution
		Debug|Any CPU = Debug|Any CPU
		Release|Any CPU = Release|Any CPU
	EndGlobalSection
	GlobalSection(ProjectConfigurationPlatforms) = postSolution
		{8DE63A2D-7367-473D-8CF2-0EFA652E5FBD}.Debug|Any CPU.ActiveCfg = Debug|Any CPU
		{8DE63A2D-7367-473D-8CF2-0EFA652E5FBD}.Debug|Any CPU.Build.0 = Debug|Any CPU
		{8DE63A2D-7367-473D-8CF2-0EFA652E5FBD}.Release|Any CPU.ActiveCfg = Release|Any CPU
		{8DE63A2D-7367-473D-8CF2-0EFA652E5FBD}.Release|Any CPU.Build.0 = Release|Any CPU
		{69564B40-81CE-4466-8A42-3D81A3DC689E}.Debug|Any CPU.ActiveCfg = Debug|Any CPU
		{69564B40-81CE-4466-8A42-3D81A3DC689E}.Debug|Any CPU.Build.0 = Debug|Any CPU
		{69564B40-81CE-4466-8A42-3D81A3DC689E}.Release|Any CPU.ActiveCfg = Release|Any CPU
		{69564B40-81CE-4466-8A42-3D81A3DC689E}.Release|Any CPU.Build.0 = Release|Any CPU
		{DC183878-B594-4BAB-B79D-BC775CA9579F}.Debug|Any CPU.ActiveCfg = Debug|Any CPU
		{DC183878-B594-4BAB-B79D-BC775CA9579F}.Debug|Any CPU.Build.0 = Debug|Any CPU
		{DC183878-B594-4BAB-B79D-BC775CA9579F}.Release|Any CPU.ActiveCfg = Release|Any CPU
		{DC183878-B594-4BAB-B79D-BC775CA9579F}.Release|Any CPU.Build.0 = Release|Any CPU
		{EEEA67F9-9089-481D-A4DC-0966DEC9FD7D}.Debug|Any CPU.ActiveCfg = Debug|Any CPU
		{EEEA67F9-9089-481D-A4DC-0966DEC9FD7D}.Debug|Any CPU.Build.0 = Debug|Any CPU
		{EEEA67F9-9089-481D-A4DC-0966DEC9FD7D}.Release|Any CPU.ActiveCfg = Release|Any CPU
		{EEEA67F9-9089-481D-A4DC-0966DEC9FD7D}.Release|Any CPU.Build.0 = Release|Any CPU
		{EC1336D5-4810-4A5C-A1FA-FAC7E8652003}.Debug|Any CPU.ActiveCfg = Debug|Any CPU
		{EC1336D5-4810-4A5C-A1FA-FAC7E8652003}.Debug|Any CPU.Build.0 = Debug|Any CPU
		{EC1336D5-4810-4A5C-A1FA-FAC7E8652003}.Release|Any CPU.ActiveCfg = Release|Any CPU
		{EC1336D5-4810-4A5C-A1FA-FAC7E8652003}.Release|Any CPU.Build.0 = Release|Any CPU
	EndGlobalSection
	GlobalSection(SolutionProperties) = preSolution
		HideSolutionNode = FALSE
	EndGlobalSection
EndGlobal
