
Microsoft Visual Studio Solution File, Format Version 12.00
# Visual Studio 15
VisualStudioVersion = 15.0.26621.2
MinimumVisualStudioVersion = 10.0.40219.1
Project("{9A19103F-16F7-4668-BE54-9A1E7A4F7556}") = "GraphExpression", "GraphExpression\GraphExpression.csproj", "{76FE72D3-D3CF-449F-8128-04C7041049EA}"
EndProject
Project("{2150E333-8FDC-42A3-9474-1A3956D46DE8}") = "Core", "Core", "{9D2FBBD5-018E-498A-98F3-A608D0B918F0}"
EndProject
Project("{9A19103F-16F7-4668-BE54-9A1E7A4F7556}") = "GraphExpression.Tests", "GraphExpression.Tests\GraphExpression.Tests.csproj", "{8621721E-D9AA-4C6C-8C2F-8595DC7952B1}"
EndProject
Project("{FAE04EC0-301F-11D3-BF4B-00C04F79EFBC}") = "ExpressionGraph.Tests", "ExpressionGraph.Tests\ExpressionGraph.Tests.csproj", "{69564B40-81CE-4466-8A42-3D81A3DC689E}"
EndProject
Global
	GlobalSection(SolutionConfigurationPlatforms) = preSolution
		Debug|Any CPU = Debug|Any CPU
		Release|Any CPU = Release|Any CPU
	EndGlobalSection
	GlobalSection(ProjectConfigurationPlatforms) = postSolution
		{76FE72D3-D3CF-449F-8128-04C7041049EA}.Debug|Any CPU.ActiveCfg = Debug|Any CPU
		{76FE72D3-D3CF-449F-8128-04C7041049EA}.Debug|Any CPU.Build.0 = Debug|Any CPU
		{76FE72D3-D3CF-449F-8128-04C7041049EA}.Release|Any CPU.ActiveCfg = Release|Any CPU
		{76FE72D3-D3CF-449F-8128-04C7041049EA}.Release|Any CPU.Build.0 = Release|Any CPU
		{8621721E-D9AA-4C6C-8C2F-8595DC7952B1}.Debug|Any CPU.ActiveCfg = Debug|Any CPU
		{8621721E-D9AA-4C6C-8C2F-8595DC7952B1}.Debug|Any CPU.Build.0 = Debug|Any CPU
		{8621721E-D9AA-4C6C-8C2F-8595DC7952B1}.Release|Any CPU.ActiveCfg = Release|Any CPU
		{8621721E-D9AA-4C6C-8C2F-8595DC7952B1}.Release|Any CPU.Build.0 = Release|Any CPU
		{69564B40-81CE-4466-8A42-3D81A3DC689E}.Debug|Any CPU.ActiveCfg = Debug|Any CPU
		{69564B40-81CE-4466-8A42-3D81A3DC689E}.Debug|Any CPU.Build.0 = Debug|Any CPU
		{69564B40-81CE-4466-8A42-3D81A3DC689E}.Release|Any CPU.ActiveCfg = Release|Any CPU
		{69564B40-81CE-4466-8A42-3D81A3DC689E}.Release|Any CPU.Build.0 = Release|Any CPU
	EndGlobalSection
	GlobalSection(SolutionProperties) = preSolution
		HideSolutionNode = FALSE
	EndGlobalSection
	GlobalSection(NestedProjects) = preSolution
		{76FE72D3-D3CF-449F-8128-04C7041049EA} = {9D2FBBD5-018E-498A-98F3-A608D0B918F0}
		{8621721E-D9AA-4C6C-8C2F-8595DC7952B1} = {9D2FBBD5-018E-498A-98F3-A608D0B918F0}
	EndGlobalSection
	GlobalSection(ExtensibilityGlobals) = postSolution
		SolutionGuid = {ED7A1FBB-1140-4083-98FD-7E5391C1A36E}
	EndGlobalSection
EndGlobal
